
Microsoft Visual Studio Solution File, Format Version 12.00
# Visual Studio 15
VisualStudioVersion = 15.0.26430.16
MinimumVisualStudioVersion = 10.0.40219.1
Project("{FAE04EC0-301F-11D3-BF4B-00C04F79EFBC}") = "TJS.VIMS", "TJS.VIMS\TJS.VIMS.csproj", "{98FDA935-9004-4F85-85FB-EC5FD2932A44}"
EndProject
Project("{FAE04EC0-301F-11D3-BF4B-00C04F79EFBC}") = "UnitTest", "UnitTest\UnitTest.csproj", "{20670D97-4F9D-45C3-8E4C-F9C4EC9F02BD}"
EndProject
Global
	GlobalSection(SolutionConfigurationPlatforms) = preSolution
		Debug|Any CPU = Debug|Any CPU
		Release|Any CPU = Release|Any CPU
	EndGlobalSection
	GlobalSection(ProjectConfigurationPlatforms) = postSolution
		{98FDA935-9004-4F85-85FB-EC5FD2932A44}.Debug|Any CPU.ActiveCfg = Debug|Any CPU
		{98FDA935-9004-4F85-85FB-EC5FD2932A44}.Debug|Any CPU.Build.0 = Debug|Any CPU
		{98FDA935-9004-4F85-85FB-EC5FD2932A44}.Release|Any CPU.ActiveCfg = Release|Any CPU
		{98FDA935-9004-4F85-85FB-EC5FD2932A44}.Release|Any CPU.Build.0 = Release|Any CPU
		{20670D97-4F9D-45C3-8E4C-F9C4EC9F02BD}.Debug|Any CPU.ActiveCfg = Debug|Any CPU
		{20670D97-4F9D-45C3-8E4C-F9C4EC9F02BD}.Debug|Any CPU.Build.0 = Debug|Any CPU
		{20670D97-4F9D-45C3-8E4C-F9C4EC9F02BD}.Release|Any CPU.ActiveCfg = Release|Any CPU
		{20670D97-4F9D-45C3-8E4C-F9C4EC9F02BD}.Release|Any CPU.Build.0 = Release|Any CPU
	EndGlobalSection
	GlobalSection(SolutionProperties) = preSolution
		HideSolutionNode = FALSE
	EndGlobalSection
EndGlobal
